// !$*UTF8*$!
{
	archiveVersion = 1;
	classes = {
	};
	objectVersion = 46;
	objects = {

/* Begin PBXBuildFile section */
		064C70A41A8ADA5200121569 /* LICENSE in Resources */ = {isa = PBXBuildFile; fileRef = 064C70A21A8ADA5200121569 /* LICENSE */; };
		064C70A51A8ADA5200121569 /* README.md in Sources */ = {isa = PBXBuildFile; fileRef = 064C70A31A8ADA5200121569 /* README.md */; };
		06E5EFEE1A8A36CB00C610BC /* AppDelegate.swift in Sources */ = {isa = PBXBuildFile; fileRef = 06E5EFED1A8A36CB00C610BC /* AppDelegate.swift */; };
		06E5EFF01A8A36CB00C610BC /* ViewController.swift in Sources */ = {isa = PBXBuildFile; fileRef = 06E5EFEF1A8A36CB00C610BC /* ViewController.swift */; };
		06E5EFF31A8A36CB00C610BC /* Main.storyboard in Resources */ = {isa = PBXBuildFile; fileRef = 06E5EFF11A8A36CB00C610BC /* Main.storyboard */; };
		06E5EFF51A8A36CB00C610BC /* Images.xcassets in Resources */ = {isa = PBXBuildFile; fileRef = 06E5EFF41A8A36CB00C610BC /* Images.xcassets */; };
		06E5EFF81A8A36CB00C610BC /* LaunchScreen.xib in Resources */ = {isa = PBXBuildFile; fileRef = 06E5EFF61A8A36CB00C610BC /* LaunchScreen.xib */; };
		06E5F0041A8A36CB00C610BC /* BMInputBoxTests.swift in Sources */ = {isa = PBXBuildFile; fileRef = 06E5F0031A8A36CB00C610BC /* BMInputBoxTests.swift */; };
		06E5F00E1A8A3FC500C610BC /* BMInputBox.swift in Sources */ = {isa = PBXBuildFile; fileRef = 06E5F00D1A8A3FC500C610BC /* BMInputBox.swift */; };
/* End PBXBuildFile section */

/* Begin PBXContainerItemProxy section */
		06E5EFFE1A8A36CB00C610BC /* PBXContainerItemProxy */ = {
			isa = PBXContainerItemProxy;
			containerPortal = 06E5EFE01A8A36CB00C610BC /* Project object */;
			proxyType = 1;
			remoteGlobalIDString = 06E5EFE71A8A36CB00C610BC;
			remoteInfo = BMInputBox;
		};
/* End PBXContainerItemProxy section */

/* Begin PBXFileReference section */
		064C70A21A8ADA5200121569 /* LICENSE */ = {isa = PBXFileReference; fileEncoding = 4; lastKnownFileType = text; path = LICENSE; sourceTree = SOURCE_ROOT; };
		064C70A31A8ADA5200121569 /* README.md */ = {isa = PBXFileReference; fileEncoding = 4; lastKnownFileType = net.daringfireball.markdown; path = README.md; sourceTree = SOURCE_ROOT; };
		06E5EFE81A8A36CB00C610BC /* BMInputBox.app */ = {isa = PBXFileReference; explicitFileType = wrapper.application; includeInIndex = 0; path = BMInputBox.app; sourceTree = BUILT_PRODUCTS_DIR; };
		06E5EFEC1A8A36CB00C610BC /* Info.plist */ = {isa = PBXFileReference; lastKnownFileType = text.plist.xml; path = Info.plist; sourceTree = "<group>"; };
		06E5EFED1A8A36CB00C610BC /* AppDelegate.swift */ = {isa = PBXFileReference; lastKnownFileType = sourcecode.swift; path = AppDelegate.swift; sourceTree = "<group>"; };
		06E5EFEF1A8A36CB00C610BC /* ViewController.swift */ = {isa = PBXFileReference; lastKnownFileType = sourcecode.swift; path = ViewController.swift; sourceTree = "<group>"; };
		06E5EFF21A8A36CB00C610BC /* Base */ = {isa = PBXFileReference; lastKnownFileType = file.storyboard; name = Base; path = Base.lproj/Main.storyboard; sourceTree = "<group>"; };
		06E5EFF41A8A36CB00C610BC /* Images.xcassets */ = {isa = PBXFileReference; lastKnownFileType = folder.assetcatalog; path = Images.xcassets; sourceTree = "<group>"; };
		06E5EFF71A8A36CB00C610BC /* Base */ = {isa = PBXFileReference; lastKnownFileType = file.xib; name = Base; path = Base.lproj/LaunchScreen.xib; sourceTree = "<group>"; };
		06E5EFFD1A8A36CB00C610BC /* BMInputBoxTests.xctest */ = {isa = PBXFileReference; explicitFileType = wrapper.cfbundle; includeInIndex = 0; path = BMInputBoxTests.xctest; sourceTree = BUILT_PRODUCTS_DIR; };
		06E5F0021A8A36CB00C610BC /* Info.plist */ = {isa = PBXFileReference; lastKnownFileType = text.plist.xml; path = Info.plist; sourceTree = "<group>"; };
		06E5F0031A8A36CB00C610BC /* BMInputBoxTests.swift */ = {isa = PBXFileReference; lastKnownFileType = sourcecode.swift; path = BMInputBoxTests.swift; sourceTree = "<group>"; };
		06E5F00D1A8A3FC500C610BC /* BMInputBox.swift */ = {isa = PBXFileReference; fileEncoding = 4; lastKnownFileType = sourcecode.swift; path = BMInputBox.swift; sourceTree = "<group>"; };
/* End PBXFileReference section */

/* Begin PBXFrameworksBuildPhase section */
		06E5EFE51A8A36CB00C610BC /* Frameworks */ = {
			isa = PBXFrameworksBuildPhase;
			buildActionMask = 2147483647;
			files = (
			);
			runOnlyForDeploymentPostprocessing = 0;
		};
		06E5EFFA1A8A36CB00C610BC /* Frameworks */ = {
			isa = PBXFrameworksBuildPhase;
			buildActionMask = 2147483647;
			files = (
			);
			runOnlyForDeploymentPostprocessing = 0;
		};
/* End PBXFrameworksBuildPhase section */

/* Begin PBXGroup section */
		06E5EFDF1A8A36CB00C610BC = {
			isa = PBXGroup;
			children = (
				06E5EFEA1A8A36CB00C610BC /* BMInputBox */,
				06E5F0001A8A36CB00C610BC /* BMInputBoxTests */,
				06E5EFE91A8A36CB00C610BC /* Products */,
			);
			sourceTree = "<group>";
		};
		06E5EFE91A8A36CB00C610BC /* Products */ = {
			isa = PBXGroup;
			children = (
				06E5EFE81A8A36CB00C610BC /* BMInputBox.app */,
				06E5EFFD1A8A36CB00C610BC /* BMInputBoxTests.xctest */,
			);
			name = Products;
			sourceTree = "<group>";
		};
		06E5EFEA1A8A36CB00C610BC /* BMInputBox */ = {
			isa = PBXGroup;
			children = (
				064C70A21A8ADA5200121569 /* LICENSE */,
				064C70A31A8ADA5200121569 /* README.md */,
				06E5F00D1A8A3FC500C610BC /* BMInputBox.swift */,
				06E5EFED1A8A36CB00C610BC /* AppDelegate.swift */,
				06E5EFEF1A8A36CB00C610BC /* ViewController.swift */,
				06E5EFF11A8A36CB00C610BC /* Main.storyboard */,
				06E5EFF41A8A36CB00C610BC /* Images.xcassets */,
				06E5EFF61A8A36CB00C610BC /* LaunchScreen.xib */,
				06E5EFEB1A8A36CB00C610BC /* Supporting Files */,
			);
			path = BMInputBox;
			sourceTree = "<group>";
		};
		06E5EFEB1A8A36CB00C610BC /* Supporting Files */ = {
			isa = PBXGroup;
			children = (
				06E5EFEC1A8A36CB00C610BC /* Info.plist */,
			);
			name = "Supporting Files";
			sourceTree = "<group>";
		};
		06E5F0001A8A36CB00C610BC /* BMInputBoxTests */ = {
			isa = PBXGroup;
			children = (
				06E5F0031A8A36CB00C610BC /* BMInputBoxTests.swift */,
				06E5F0011A8A36CB00C610BC /* Supporting Files */,
			);
			path = BMInputBoxTests;
			sourceTree = "<group>";
		};
		06E5F0011A8A36CB00C610BC /* Supporting Files */ = {
			isa = PBXGroup;
			children = (
				06E5F0021A8A36CB00C610BC /* Info.plist */,
			);
			name = "Supporting Files";
			sourceTree = "<group>";
		};
/* End PBXGroup section */

/* Begin PBXNativeTarget section */
		06E5EFE71A8A36CB00C610BC /* BMInputBox */ = {
			isa = PBXNativeTarget;
			buildConfigurationList = 06E5F0071A8A36CB00C610BC /* Build configuration list for PBXNativeTarget "BMInputBox" */;
			buildPhases = (
				06E5EFE41A8A36CB00C610BC /* Sources */,
				06E5EFE51A8A36CB00C610BC /* Frameworks */,
				06E5EFE61A8A36CB00C610BC /* Resources */,
				064C70A61A8ADAF300121569 /* ShellScript */,
			);
			buildRules = (
			);
			dependencies = (
			);
			name = BMInputBox;
			productName = BMInputBox;
			productReference = 06E5EFE81A8A36CB00C610BC /* BMInputBox.app */;
			productType = "com.apple.product-type.application";
		};
		06E5EFFC1A8A36CB00C610BC /* BMInputBoxTests */ = {
			isa = PBXNativeTarget;
			buildConfigurationList = 06E5F00A1A8A36CB00C610BC /* Build configuration list for PBXNativeTarget "BMInputBoxTests" */;
			buildPhases = (
				06E5EFF91A8A36CB00C610BC /* Sources */,
				06E5EFFA1A8A36CB00C610BC /* Frameworks */,
				06E5EFFB1A8A36CB00C610BC /* Resources */,
			);
			buildRules = (
			);
			dependencies = (
				06E5EFFF1A8A36CB00C610BC /* PBXTargetDependency */,
			);
			name = BMInputBoxTests;
			productName = BMInputBoxTests;
			productReference = 06E5EFFD1A8A36CB00C610BC /* BMInputBoxTests.xctest */;
			productType = "com.apple.product-type.bundle.unit-test";
		};
/* End PBXNativeTarget section */

/* Begin PBXProject section */
		06E5EFE01A8A36CB00C610BC /* Project object */ = {
			isa = PBXProject;
			attributes = {
				LastUpgradeCheck = 0610;
				ORGANIZATIONNAME = "blackmirror media";
				TargetAttributes = {
					06E5EFE71A8A36CB00C610BC = {
						CreatedOnToolsVersion = 6.1.1;
					};
					06E5EFFC1A8A36CB00C610BC = {
						CreatedOnToolsVersion = 6.1.1;
						TestTargetID = 06E5EFE71A8A36CB00C610BC;
					};
				};
			};
			buildConfigurationList = 06E5EFE31A8A36CB00C610BC /* Build configuration list for PBXProject "BMInputBox" */;
			compatibilityVersion = "Xcode 3.2";
			developmentRegion = English;
			hasScannedForEncodings = 0;
			knownRegions = (
				en,
				Base,
			);
			mainGroup = 06E5EFDF1A8A36CB00C610BC;
			productRefGroup = 06E5EFE91A8A36CB00C610BC /* Products */;
			projectDirPath = "";
			projectRoot = "";
			targets = (
				06E5EFE71A8A36CB00C610BC /* BMInputBox */,
				06E5EFFC1A8A36CB00C610BC /* BMInputBoxTests */,
			);
		};
/* End PBXProject section */

/* Begin PBXResourcesBuildPhase section */
		06E5EFE61A8A36CB00C610BC /* Resources */ = {
			isa = PBXResourcesBuildPhase;
			buildActionMask = 2147483647;
			files = (
				06E5EFF31A8A36CB00C610BC /* Main.storyboard in Resources */,
				06E5EFF81A8A36CB00C610BC /* LaunchScreen.xib in Resources */,
				064C70A41A8ADA5200121569 /* LICENSE in Resources */,
				06E5EFF51A8A36CB00C610BC /* Images.xcassets in Resources */,
			);
			runOnlyForDeploymentPostprocessing = 0;
		};
		06E5EFFB1A8A36CB00C610BC /* Resources */ = {
			isa = PBXResourcesBuildPhase;
			buildActionMask = 2147483647;
			files = (
			);
			runOnlyForDeploymentPostprocessing = 0;
		};
/* End PBXResourcesBuildPhase section */

/* Begin PBXShellScriptBuildPhase section */
		064C70A61A8ADAF300121569 /* ShellScript */ = {
			isa = PBXShellScriptBuildPhase;
			buildActionMask = 2147483647;
			files = (
			);
			inputPaths = (
			);
			outputPaths = (
			);
			runOnlyForDeploymentPostprocessing = 0;
			shellPath = /bin/bash;
			shellScript = "#!/bin/bash\nbuildNumber=$(/usr/libexec/PlistBuddy -c \"Print CFBundleVersion\" \"$INFOPLIST_FILE\")\nbuildNumber=$(($buildNumber + 1))\n/usr/libexec/PlistBuddy -c \"Set :CFBundleVersion $buildNumber\" \"$INFOPLIST_FILE\"";
		};
/* End PBXShellScriptBuildPhase section */

/* Begin PBXSourcesBuildPhase section */
		06E5EFE41A8A36CB00C610BC /* Sources */ = {
			isa = PBXSourcesBuildPhase;
			buildActionMask = 2147483647;
			files = (
				06E5EFF01A8A36CB00C610BC /* ViewController.swift in Sources */,
				06E5F00E1A8A3FC500C610BC /* BMInputBox.swift in Sources */,
				064C70A51A8ADA5200121569 /* README.md in Sources */,
				06E5EFEE1A8A36CB00C610BC /* AppDelegate.swift in Sources */,
			);
			runOnlyForDeploymentPostprocessing = 0;
		};
		06E5EFF91A8A36CB00C610BC /* Sources */ = {
			isa = PBXSourcesBuildPhase;
			buildActionMask = 2147483647;
			files = (
				06E5F0041A8A36CB00C610BC /* BMInputBoxTests.swift in Sources */,
			);
			runOnlyForDeploymentPostprocessing = 0;
		};
/* End PBXSourcesBuildPhase section */

/* Begin PBXTargetDependency section */
		06E5EFFF1A8A36CB00C610BC /* PBXTargetDependency */ = {
			isa = PBXTargetDependency;
			target = 06E5EFE71A8A36CB00C610BC /* BMInputBox */;
			targetProxy = 06E5EFFE1A8A36CB00C610BC /* PBXContainerItemProxy */;
		};
/* End PBXTargetDependency section */

/* Begin PBXVariantGroup section */
		06E5EFF11A8A36CB00C610BC /* Main.storyboard */ = {
			isa = PBXVariantGroup;
			children = (
				06E5EFF21A8A36CB00C610BC /* Base */,
			);
			name = Main.storyboard;
			sourceTree = "<group>";
		};
		06E5EFF61A8A36CB00C610BC /* LaunchScreen.xib */ = {
			isa = PBXVariantGroup;
			children = (
				06E5EFF71A8A36CB00C610BC /* Base */,
			);
			name = LaunchScreen.xib;
			sourceTree = "<group>";
		};
/* End PBXVariantGroup section */

/* Begin XCBuildConfiguration section */
		06E5F0051A8A36CB00C610BC /* Debug */ = {
			isa = XCBuildConfiguration;
			buildSettings = {
				ALWAYS_SEARCH_USER_PATHS = NO;
				CLANG_CXX_LANGUAGE_STANDARD = "gnu++0x";
				CLANG_CXX_LIBRARY = "libc++";
				CLANG_ENABLE_MODULES = YES;
				CLANG_ENABLE_OBJC_ARC = YES;
				CLANG_WARN_BOOL_CONVERSION = YES;
				CLANG_WARN_CONSTANT_CONVERSION = YES;
				CLANG_WARN_DIRECT_OBJC_ISA_USAGE = YES_ERROR;
				CLANG_WARN_EMPTY_BODY = YES;
				CLANG_WARN_ENUM_CONVERSION = YES;
				CLANG_WARN_INT_CONVERSION = YES;
				CLANG_WARN_OBJC_ROOT_CLASS = YES_ERROR;
				CLANG_WARN_UNREACHABLE_CODE = YES;
				CLANG_WARN__DUPLICATE_METHOD_MATCH = YES;
				"CODE_SIGN_IDENTITY[sdk=iphoneos*]" = "iPhone Developer";
				COPY_PHASE_STRIP = NO;
				ENABLE_STRICT_OBJC_MSGSEND = YES;
				GCC_C_LANGUAGE_STANDARD = gnu99;
				GCC_DYNAMIC_NO_PIC = NO;
				GCC_OPTIMIZATION_LEVEL = 0;
				GCC_PREPROCESSOR_DEFINITIONS = (
					"DEBUG=1",
					"$(inherited)",
				);
				GCC_SYMBOLS_PRIVATE_EXTERN = NO;
				GCC_WARN_64_TO_32_BIT_CONVERSION = YES;
				GCC_WARN_ABOUT_RETURN_TYPE = YES_ERROR;
				GCC_WARN_UNDECLARED_SELECTOR = YES;
				GCC_WARN_UNINITIALIZED_AUTOS = YES_AGGRESSIVE;
				GCC_WARN_UNUSED_FUNCTION = YES;
				GCC_WARN_UNUSED_VARIABLE = YES;
				IPHONEOS_DEPLOYMENT_TARGET = 8.1;
				MTL_ENABLE_DEBUG_INFO = YES;
				ONLY_ACTIVE_ARCH = YES;
				SDKROOT = iphoneos;
				SWIFT_OPTIMIZATION_LEVEL = "-Onone";
				TARGETED_DEVICE_FAMILY = "1,2";
			};
			name = Debug;
		};
		06E5F0061A8A36CB00C610BC /* Release */ = {
			isa = XCBuildConfiguration;
			buildSettings = {
				ALWAYS_SEARCH_USER_PATHS = NO;
				CLANG_CXX_LANGUAGE_STANDARD = "gnu++0x";
				CLANG_CXX_LIBRARY = "libc++";
				CLANG_ENABLE_MODULES = YES;
				CLANG_ENABLE_OBJC_ARC = YES;
				CLANG_WARN_BOOL_CONVERSION = YES;
				CLANG_WARN_CONSTANT_CONVERSION = YES;
				CLANG_WARN_DIRECT_OBJC_ISA_USAGE = YES_ERROR;
				CLANG_WARN_EMPTY_BODY = YES;
				CLANG_WARN_ENUM_CONVERSION = YES;
				CLANG_WARN_INT_CONVERSION = YES;
				CLANG_WARN_OBJC_ROOT_CLASS = YES_ERROR;
				CLANG_WARN_UNREACHABLE_CODE = YES;
				CLANG_WARN__DUPLICATE_METHOD_MATCH = YES;
				"CODE_SIGN_IDENTITY[sdk=iphoneos*]" = "iPhone Developer";
				COPY_PHASE_STRIP = YES;
				ENABLE_NS_ASSERTIONS = NO;
				ENABLE_STRICT_OBJC_MSGSEND = YES;
				GCC_C_LANGUAGE_STANDARD = gnu99;
				GCC_WARN_64_TO_32_BIT_CONVERSION = YES;
				GCC_WARN_ABOUT_RETURN_TYPE = YES_ERROR;
				GCC_WARN_UNDECLARED_SELECTOR = YES;
				GCC_WARN_UNINITIALIZED_AUTOS = YES_AGGRESSIVE;
				GCC_WARN_UNUSED_FUNCTION = YES;
				GCC_WARN_UNUSED_VARIABLE = YES;
				IPHONEOS_DEPLOYMENT_TARGET = 8.1;
				MTL_ENABLE_DEBUG_INFO = NO;
				SDKROOT = iphoneos;
				TARGETED_DEVICE_FAMILY = "1,2";
				VALIDATE_PRODUCT = YES;
			};
			name = Release;
		};
		06E5F0081A8A36CB00C610BC /* Debug */ = {
			isa = XCBuildConfiguration;
			buildSettings = {
				ASSETCATALOG_COMPILER_APPICON_NAME = AppIcon;
				INFOPLIST_FILE = BMInputBox/Info.plist;
				LD_RUNPATH_SEARCH_PATHS = "$(inherited) @executable_path/Frameworks";
				PRODUCT_NAME = "$(TARGET_NAME)";
			};
			name = Debug;
		};
		06E5F0091A8A36CB00C610BC /* Release */ = {
			isa = XCBuildConfiguration;
			buildSettings = {
				ASSETCATALOG_COMPILER_APPICON_NAME = AppIcon;
				INFOPLIST_FILE = BMInputBox/Info.plist;
				LD_RUNPATH_SEARCH_PATHS = "$(inherited) @executable_path/Frameworks";
				PRODUCT_NAME = "$(TARGET_NAME)";
			};
			name = Release;
		};
		06E5F00B1A8A36CB00C610BC /* Debug */ = {
			isa = XCBuildConfiguration;
			buildSettings = {
				BUNDLE_LOADER = "$(TEST_HOST)";
				FRAMEWORK_SEARCH_PATHS = (
					"$(SDKROOT)/Developer/Library/Frameworks",
					"$(inherited)",
				);
				GCC_PREPROCESSOR_DEFINITIONS = (
					"DEBUG=1",
					"$(inherited)",
				);
				INFOPLIST_FILE = BMInputBoxTests/Info.plist;
				LD_RUNPATH_SEARCH_PATHS = "$(inherited) @executable_path/Frameworks @loader_path/Frameworks";
				PRODUCT_NAME = "$(TARGET_NAME)";
				TEST_HOST = "$(BUILT_PRODUCTS_DIR)/BMInputBox.app/BMInputBox";
			};
			name = Debug;
		};
		06E5F00C1A8A36CB00C610BC /* Release */ = {
			isa = XCBuildConfiguration;
			buildSettings = {
				BUNDLE_LOADER = "$(TEST_HOST)";
				FRAMEWORK_SEARCH_PATHS = (
					"$(SDKROOT)/Developer/Library/Frameworks",
					"$(inherited)",
				);
				INFOPLIST_FILE = BMInputBoxTests/Info.plist;
				LD_RUNPATH_SEARCH_PATHS = "$(inherited) @executable_path/Frameworks @loader_path/Frameworks";
				PRODUCT_NAME = "$(TARGET_NAME)";
				TEST_HOST = "$(BUILT_PRODUCTS_DIR)/BMInputBox.app/BMInputBox";
			};
			name = Release;
		};
/* End XCBuildConfiguration section */

/* Begin XCConfigurationList section */
		06E5EFE31A8A36CB00C610BC /* Build configuration list for PBXProject "BMInputBox" */ = {
			isa = XCConfigurationList;
			buildConfigurations = (
				06E5F0051A8A36CB00C610BC /* Debug */,
				06E5F0061A8A36CB00C610BC /* Release */,
			);
			defaultConfigurationIsVisible = 0;
			defaultConfigurationName = Release;
		};
		06E5F0071A8A36CB00C610BC /* Build configuration list for PBXNativeTarget "BMInputBox" */ = {
			isa = XCConfigurationList;
			buildConfigurations = (
				06E5F0081A8A36CB00C610BC /* Debug */,
				06E5F0091A8A36CB00C610BC /* Release */,
			);
			defaultConfigurationIsVisible = 0;
			defaultConfigurationName = Release;
		};
		06E5F00A1A8A36CB00C610BC /* Build configuration list for PBXNativeTarget "BMInputBoxTests" */ = {
			isa = XCConfigurationList;
			buildConfigurations = (
				06E5F00B1A8A36CB00C610BC /* Debug */,
				06E5F00C1A8A36CB00C610BC /* Release */,
			);
			defaultConfigurationIsVisible = 0;
			defaultConfigurationName = Release;
		};
/* End XCConfigurationList section */
	};
	rootObject = 06E5EFE01A8A36CB00C610BC /* Project object */;
}
